<?xml version="1.0" encoding="utf-8"?>
<Project ToolsVersion="4.0" xmlns="http://schemas.microsoft.com/developer/msbuild/2003">
  <ItemGroup>
    <Filter Include="Source Files">
      <UniqueIdentifier>{d900a9ad-8ae7-463e-b1f3-9389e4596cdc}</UniqueIdentifier>
      <Extensions>cpp;c;cxx;rc;def;r;odl;idl;hpj;bat</Extensions>
    </Filter>
    <Filter Include="Header Files">
      <UniqueIdentifier>{b6ca8e22-a05e-48c8-a940-d7b28db9d92e}</UniqueIdentifier>
      <Extensions>h;hpp;hxx;hm;inl</Extensions>
    </Filter>
    <Filter Include="Resource Files">
      <UniqueIdentifier>{85c8b36f-1597-4b44-94a7-770932e29e8d}</UniqueIdentifier>
      <Extensions>ico;cur;bmp;dlg;rc2;rct;bin;rgs;gif;jpg;jpeg;jpe</Extensions>
    </Filter>
    <Filter Include="excel">
      <UniqueIdentifier>{48ba7e11-5241-4c95-826f-78ce13f1aee5}</UniqueIdentifier>
    </Filter>
    <Filter Include="displayctrls">
      <UniqueIdentifier>{49e81a0a-caf5-4f23-913c-5dc6cded6820}</UniqueIdentifier>
    </Filter>
    <Filter Include="customctrl">
      <UniqueIdentifier>{caaa5830-8837-406f-a8ee-5db580987832}</UniqueIdentifier>
    </Filter>
    <Filter Include="Grid">
      <UniqueIdentifier>{80c132e6-268c-4d2d-a16e-e4e119719b0e}</UniqueIdentifier>
    </Filter>
    <Filter Include="data_files">
      <UniqueIdentifier>{500b396b-084a-4962-8044-83226269edf6}</UniqueIdentifier>
    </Filter>
    <Filter Include="data_acquisition">
      <UniqueIdentifier>{a0adc36c-523d-4f57-8985-d3579a79e9f6}</UniqueIdentifier>
    </Filter>
    <Filter Include="dbView_optimized">
      <UniqueIdentifier>{a2a4ddbe-1ae1-4156-b78a-8dbe48b7c142}</UniqueIdentifier>
    </Filter>
    <Filter Include="dbView">
      <UniqueIdentifier>{9778a89c-052a-484f-a397-469f57498dc5}</UniqueIdentifier>
    </Filter>
  </ItemGroup>
  <ItemGroup>
    <ClCompile Include="AcqDataDoc.cpp">
      <Filter>Source Files</Filter>
    </ClCompile>
    <ClCompile Include="AcqWaveChan.cpp">
      <Filter>Source Files</Filter>
    </ClCompile>
    <ClCompile Include="AcqWaveChanArray.cpp">
      <Filter>Source Files</Filter>
    </ClCompile>
    <ClCompile Include="AcqWaveFormat.cpp">
      <Filter>Source Files</Filter>
    </ClCompile>
    <ClCompile Include="ChartData.cpp">
      <Filter>Source Files</Filter>
    </ClCompile>
    <ClCompile Include="ChartSpike.cpp">
      <Filter>Source Files</Filter>
    </ClCompile>
    <ClCompile Include="ChartSpikeBar.cpp">
      <Filter>Source Files</Filter>
    </ClCompile>
    <ClCompile Include="ChartSpikeHist.cpp">
      <Filter>Source Files</Filter>
    </ClCompile>
    <ClCompile Include="ChartSpikeHistVert.cpp">
      <Filter>Source Files</Filter>
    </ClCompile>
    <ClCompile Include="ChartSpikeShape.cpp">
      <Filter>Source Files</Filter>
    </ClCompile>
    <ClCompile Include="ChartSpikeXY.cpp">
      <Filter>Source Files</Filter>
    </ClCompile>
    <ClCompile Include="ChartWnd.cpp">
      <Filter>Source Files</Filter>
    </ClCompile>
    <ClCompile Include="ChildFrm.cpp">
      <Filter>Source Files</Filter>
    </ClCompile>
    <ClCompile Include="dbMultiDocTemplate.cpp">
      <Filter>Source Files</Filter>
    </ClCompile>
    <ClCompile Include="dbTable.cpp">
      <Filter>Source Files</Filter>
    </ClCompile>
    <ClCompile Include="dbTableAssociated.cpp">
      <Filter>Source Files</Filter>
    </ClCompile>
    <ClCompile Include="dbTableColumnDescriptor.cpp">
      <Filter>Source Files</Filter>
    </ClCompile>
    <ClCompile Include="dbTableMain.cpp">
      <Filter>Source Files</Filter>
    </ClCompile>
    <ClCompile Include="dbWave.cpp">
      <Filter>Source Files</Filter>
    </ClCompile>
    <ClCompile Include="DlgAbout.cpp">
      <Filter>Source Files</Filter>
    </ClCompile>
    <ClCompile Include="DlgBrowseFile.cpp">
      <Filter>Source Files</Filter>
    </ClCompile>
    <ClCompile Include="DlgChartProps.cpp">
      <Filter>Source Files</Filter>
    </ClCompile>
    <ClCompile Include="DlgConfirmSave.cpp">
      <Filter>Source Files</Filter>
    </ClCompile>
    <ClCompile Include="DlgCopyAs.cpp">
      <Filter>Source Files</Filter>
    </ClCompile>
    <ClCompile Include="DlgDataComments.cpp">
      <Filter>Source Files</Filter>
    </ClCompile>
    <ClCompile Include="DlgDataSeries.cpp">
      <Filter>Source Files</Filter>
    </ClCompile>
    <ClCompile Include="DlgDataSeriesFormat.cpp">
      <Filter>Source Files</Filter>
    </ClCompile>
    <ClCompile Include="DlgDataViewAbscissa.cpp">
      <Filter>Source Files</Filter>
    </ClCompile>
    <ClCompile Include="DlgDataViewOrdinates.cpp">
      <Filter>Source Files</Filter>
    </ClCompile>
    <ClCompile Include="DlgdbEditField.cpp">
      <Filter>Source Files</Filter>
    </ClCompile>
    <ClCompile Include="DlgdbEditRecord.cpp">
      <Filter>Source Files</Filter>
    </ClCompile>
    <ClCompile Include="DlgdbNewFileDuplicate.cpp">
      <Filter>Source Files</Filter>
    </ClCompile>
    <ClCompile Include="DlgDeleteRecordOptions.cpp">
      <Filter>Source Files</Filter>
    </ClCompile>
    <ClCompile Include="DlgEditList.cpp">
      <Filter>Source Files</Filter>
    </ClCompile>
    <ClCompile Include="DlgEditSpikeClass.cpp">
      <Filter>Source Files</Filter>
    </ClCompile>
    <ClCompile Include="DlgEditStimArray.cpp">
      <Filter>Source Files</Filter>
    </ClCompile>
    <ClCompile Include="DlgExportData.cpp">
      <Filter>Source Files</Filter>
    </ClCompile>
    <ClCompile Include="DlgExportSpikeInfos.cpp">
      <Filter>Source Files</Filter>
    </ClCompile>
    <ClCompile Include="DlgFileNew1.cpp">
      <Filter>Source Files</Filter>
    </ClCompile>
    <ClCompile Include="DlgFindFiles.cpp">
      <Filter>Source Files</Filter>
    </ClCompile>
    <ClCompile Include="DlgFormatHistogram.cpp">
      <Filter>Source Files</Filter>
    </ClCompile>
    <ClCompile Include="DlgGotoRecord.cpp">
      <Filter>Source Files</Filter>
    </ClCompile>
    <ClCompile Include="DlgImportFiles.cpp">
      <Filter>Source Files</Filter>
    </ClCompile>
    <ClCompile Include="DlgImportGenericData.cpp">
      <Filter>Source Files</Filter>
    </ClCompile>
    <ClCompile Include="DlgImportOptions.cpp">
      <Filter>Source Files</Filter>
    </ClCompile>
    <ClCompile Include="DlgListBClaSize.cpp">
      <Filter>Source Files</Filter>
    </ClCompile>
    <ClCompile Include="DlgLoadSaveOptions.cpp">
      <Filter>Source Files</Filter>
    </ClCompile>
    <ClCompile Include="DlgOverwriteFileOptions.cpp">
      <Filter>Source Files</Filter>
    </ClCompile>
    <ClCompile Include="DlgPrintDataComments.cpp">
      <Filter>Source Files</Filter>
    </ClCompile>
    <ClCompile Include="DlgPrintDataOptions.cpp">
      <Filter>Source Files</Filter>
    </ClCompile>
    <ClCompile Include="DlgPrintDrawArea.cpp">
      <Filter>Source Files</Filter>
    </ClCompile>
    <ClCompile Include="DlgPrintMargins.cpp">
      <Filter>Source Files</Filter>
    </ClCompile>
    <ClCompile Include="DlgPrintPageMargins.cpp">
      <Filter>Source Files</Filter>
    </ClCompile>
    <ClCompile Include="DlgProgress.cpp">
      <Filter>Source Files</Filter>
    </ClCompile>
    <ClCompile Include="DlgRejectRecord.cpp">
      <Filter>Source Files</Filter>
    </ClCompile>
    <ClCompile Include="DlgSpikeDetect.cpp">
      <Filter>Source Files</Filter>
    </ClCompile>
    <ClCompile Include="DlgSpikeEdit.cpp">
      <Filter>Source Files</Filter>
    </ClCompile>
    <ClCompile Include="DlgTransferFiles.cpp">
      <Filter>Source Files</Filter>
    </ClCompile>
    <ClCompile Include="DlgXYParameters.cpp">
      <Filter>Source Files</Filter>
    </ClCompile>
    <ClCompile Include="Editctrl.cpp">
      <Filter>Source Files</Filter>
    </ClCompile>
    <ClCompile Include="FilenameCleanupUtils.cpp">
      <Filter>Source Files</Filter>
    </ClCompile>
    <ClCompile Include="Fileversion.cpp">
      <Filter>Source Files</Filter>
    </ClCompile>
    <ClCompile Include="IntervalPoints.cpp">
      <Filter>Source Files</Filter>
    </ClCompile>
    <ClCompile Include="Intervals.cpp">
      <Filter>Source Files</Filter>
    </ClCompile>
    <ClCompile Include="IntervalsListCtrl.cpp">
      <Filter>Source Files</Filter>
    </ClCompile>
    <ClCompile Include="MainFrm.cpp">
      <Filter>Source Files</Filter>
    </ClCompile>
    <ClCompile Include="MeasureHZtagsPage.cpp">
      <Filter>Source Files</Filter>
    </ClCompile>
    <ClCompile Include="MeasureOptionsPage.cpp">
      <Filter>Source Files</Filter>
    </ClCompile>
    <ClCompile Include="MeasureProperties.cpp">
      <Filter>Source Files</Filter>
    </ClCompile>
    <ClCompile Include="MeasureResultsPage.cpp">
      <Filter>Source Files</Filter>
    </ClCompile>
    <ClCompile Include="MeasureVTtagsPage.cpp">
      <Filter>Source Files</Filter>
    </ClCompile>
    <ClCompile Include="NiceUnit.cpp">
      <Filter>Source Files</Filter>
    </ClCompile>
    <ClCompile Include="NoteDoc.cpp">
      <Filter>Source Files</Filter>
    </ClCompile>
    <ClCompile Include="NotedocCntrItem.cpp">
      <Filter>Source Files</Filter>
    </ClCompile>
    <ClCompile Include="options_detect_spikes.cpp">
      <Filter>Source Files</Filter>
    </ClCompile>
    <ClCompile Include="options_detect_stimulus.cpp">
      <Filter>Source Files</Filter>
    </ClCompile>
    <ClCompile Include="OPTIONS_IMPORT.cpp">
      <Filter>Source Files</Filter>
    </ClCompile>
    <ClCompile Include="options_input.cpp">
      <Filter>Source Files</Filter>
    </ClCompile>
    <ClCompile Include="OPTIONS_MEASURE.cpp">
      <Filter>Source Files</Filter>
    </ClCompile>
    <ClCompile Include="options_output.cpp">
      <Filter>Source Files</Filter>
    </ClCompile>
    <ClCompile Include="options_scope_channel.cpp">
      <Filter>Source Files</Filter>
    </ClCompile>
    <ClCompile Include="options_scope_struct.cpp">
      <Filter>Source Files</Filter>
    </ClCompile>
    <ClCompile Include="options_spk_classification.cpp">
      <Filter>Source Files</Filter>
    </ClCompile>
    <ClCompile Include="OPTIONS_VIEW_DATA.cpp">
      <Filter>Source Files</Filter>
    </ClCompile>
    <ClCompile Include="options_view_spikes.cpp">
      <Filter>Source Files</Filter>
    </ClCompile>
    <ClCompile Include="output_parameters.cpp">
      <Filter>Source Files</Filter>
    </ClCompile>
    <ClCompile Include="PaneldbFilter.cpp">
      <Filter>Source Files</Filter>
    </ClCompile>
    <ClCompile Include="PaneldbFilterToolBar.cpp">
      <Filter>Source Files</Filter>
    </ClCompile>
    <ClCompile Include="PaneldbProperties.cpp">
      <Filter>Source Files</Filter>
    </ClCompile>
    <ClCompile Include="PaneldbPropertiesToolBar.cpp">
      <Filter>Source Files</Filter>
    </ClCompile>
    <ClCompile Include="Spike.cpp">
      <Filter>Source Files</Filter>
    </ClCompile>
    <ClCompile Include="spike_detection_array.cpp">
      <Filter>Source Files</Filter>
    </ClCompile>
    <ClCompile Include="SpikeClassGrid.cpp">
      <Filter>Source Files</Filter>
    </ClCompile>
    <ClCompile Include="SpikeClassGridList.cpp">
      <Filter>Source Files</Filter>
    </ClCompile>
    <ClCompile Include="SpikeClassGridProperty.cpp">
      <Filter>Source Files</Filter>
    </ClCompile>
    <ClCompile Include="SpikeClassGridToolBar.cpp">
      <Filter>Source Files</Filter>
    </ClCompile>
    <ClCompile Include="SpikeClassListBox.cpp">
      <Filter>Source Files</Filter>
    </ClCompile>
    <ClCompile Include="SpikeClassListBoxContext.cpp">
      <Filter>Source Files</Filter>
    </ClCompile>
    <ClCompile Include="SpikeClassProperties.cpp">
      <Filter>Source Files</Filter>
    </ClCompile>
    <ClCompile Include="SpikeClassRowItem.cpp">
      <Filter>Source Files</Filter>
    </ClCompile>
    <ClCompile Include="SpikeDetectArray.cpp">
      <Filter>Source Files</Filter>
    </ClCompile>
    <ClCompile Include="Spikedoc.cpp">
      <Filter>Source Files</Filter>
    </ClCompile>
    <ClCompile Include="SpikeFromChan.cpp">
      <Filter>Source Files</Filter>
    </ClCompile>
    <ClCompile Include="Spikelist.cpp">
      <Filter>Source Files</Filter>
    </ClCompile>
    <ClCompile Include="SpikeListTabCtrl.cpp">
      <Filter>Source Files</Filter>
    </ClCompile>
    <ClCompile Include="Splash.cpp">
      <Filter>Source Files</Filter>
    </ClCompile>
    <ClCompile Include="StdAfx.cpp">
      <Filter>Source Files</Filter>
    </ClCompile>
    <ClCompile Include="StretchControls.cpp">
      <Filter>Source Files</Filter>
    </ClCompile>
    <ClCompile Include="subfileitem.cpp">
      <Filter>Source Files</Filter>
    </ClCompile>
    <ClCompile Include="Tag.cpp">
      <Filter>Source Files</Filter>
    </ClCompile>
    <ClCompile Include="Taglist.cpp">
      <Filter>Source Files</Filter>
    </ClCompile>
    <ClCompile Include="ViewData.cpp">
      <Filter>Source Files</Filter>
    </ClCompile>
    <ClCompile Include="ViewDbTable.cpp">
      <Filter>Source Files</Filter>
    </ClCompile>
    <ClCompile Include="ViewNotedoc.cpp">
      <Filter>Source Files</Filter>
    </ClCompile>
    <ClCompile Include="ViewSpikeDetect.cpp">
      <Filter>Source Files</Filter>
    </ClCompile>
    <ClCompile Include="ViewSpikeHist.cpp">
      <Filter>Source Files</Filter>
    </ClCompile>
    <ClCompile Include="ViewSpikes.cpp">
      <Filter>Source Files</Filter>
    </ClCompile>
    <ClCompile Include="ViewSpikeSort.cpp">
      <Filter>Source Files</Filter>
    </ClCompile>
    <ClCompile Include="ViewSpikeTemplate.cpp">
      <Filter>Source Files</Filter>
    </ClCompile>
    <ClCompile Include="WaveBuf.cpp">
      <Filter>Source Files</Filter>
    </ClCompile>
    <ClCompile Include="Controls\cdxCRot90DC.cpp">
      <Filter>customctrl</Filter>
    </ClCompile>
    <ClCompile Include="Controls\cdxCRotBevelLine.cpp">
      <Filter>customctrl</Filter>
    </ClCompile>
    <ClCompile Include="GridCtrl\GridCell.cpp">
      <Filter>Grid</Filter>
    </ClCompile>
    <ClCompile Include="GridCtrl\GridCellBase.cpp">
      <Filter>Grid</Filter>
    </ClCompile>
    <ClCompile Include="GridCtrl\GridCellCheck.cpp">
      <Filter>Grid</Filter>
    </ClCompile>
    <ClCompile Include="GridCtrl\GridCellCombo.cpp">
      <Filter>Grid</Filter>
    </ClCompile>
    <ClCompile Include="GridCtrl\GridCellCombo_FMP.cpp">
      <Filter>Grid</Filter>
    </ClCompile>
    <ClCompile Include="GridCtrl\GridCellDateTime.cpp">
      <Filter>Grid</Filter>
    </ClCompile>
    <ClCompile Include="GridCtrl\GridCellNumeric.cpp">
      <Filter>Grid</Filter>
    </ClCompile>
    <ClCompile Include="GridCtrl\GridCtrl.cpp">
      <Filter>Grid</Filter>
    </ClCompile>
    <ClCompile Include="GridCtrl\GridDefaultCell.cpp">
      <Filter>Grid</Filter>
    </ClCompile>
    <ClCompile Include="GridCtrl\GridDropTarget.cpp">
      <Filter>Grid</Filter>
    </ClCompile>
    <ClCompile Include="GridCtrl\GridInPlaceEdit.cpp">
      <Filter>Grid</Filter>
    </ClCompile>
    <ClCompile Include="GridCtrl\GridInPlaceList.cpp">
      <Filter>Grid</Filter>
    </ClCompile>
    <ClCompile Include="GridCtrl\GridTitleTip.cpp">
      <Filter>Grid</Filter>
    </ClCompile>
    <ClCompile Include="GridCtrl\GridURLCell.cpp">
      <Filter>Grid</Filter>
    </ClCompile>
    <ClCompile Include="Controls\Scale.cpp">
      <Filter>Source Files</Filter>
    </ClCompile>
    <ClCompile Include="Envelope.cpp">
      <Filter>Source Files</Filter>
    </ClCompile>
    <ClCompile Include="chanlistitem.cpp">
      <Filter>Source Files</Filter>
    </ClCompile>
    <ClCompile Include="dbWaveDoc.cpp">
      <Filter>Source Files</Filter>
    </ClCompile>
    <ClCompile Include="TemplateListWnd.cpp">
      <Filter>Source Files</Filter>
    </ClCompile>
    <ClCompile Include="TemplateWnd.cpp">
      <Filter>Source Files</Filter>
    </ClCompile>
    <ClCompile Include="datafile_ASD.cpp">
      <Filter>data_files</Filter>
    </ClCompile>
    <ClCompile Include="datafile_Atlab.cpp">
      <Filter>data_files</Filter>
    </ClCompile>
    <ClCompile Include="datafile_Awave.cpp">
      <Filter>data_files</Filter>
    </ClCompile>
    <ClCompile Include="datafile_CEDSpike2.cpp">
      <Filter>data_files</Filter>
    </ClCompile>
    <ClCompile Include="datafile_X.cpp">
      <Filter>data_files</Filter>
    </ClCompile>
    <ClCompile Include="datafile_mcid.cpp">
      <Filter>data_files</Filter>
    </ClCompile>
    <ClCompile Include="Excel\excel9.cpp">
      <Filter>excel</Filter>
    </ClCompile>
    <ClCompile Include="data_acquisition\DataTranslation_AD.cpp">
      <Filter>data_acquisition</Filter>
    </ClCompile>
    <ClCompile Include="data_acquisition\CyberAmp.cpp">
      <Filter>data_acquisition</Filter>
    </ClCompile>
    <ClCompile Include="ADAcqDataDoc.cpp">
      <Filter>data_acquisition</Filter>
    </ClCompile>
    <ClCompile Include="data_acquisition\DataTranslation_DA.cpp">
      <Filter>data_acquisition</Filter>
    </ClCompile>
    <ClCompile Include="data_acquisition\dtacq32.cpp">
      <Filter>data_acquisition</Filter>
    </ClCompile>
    <ClCompile Include="data_acquisition\dtplot32.cpp">
      <Filter>data_acquisition</Filter>
    </ClCompile>
    <ClCompile Include="data_acquisition\ViewADcontinuous.cpp">
      <Filter>data_acquisition</Filter>
    </ClCompile>
    <ClCompile Include="data_acquisition\DlgADExperiment.cpp">
      <Filter>data_acquisition</Filter>
    </ClCompile>
    <ClCompile Include="data_acquisition\DlgADInputParms.cpp">
      <Filter>data_acquisition</Filter>
    </ClCompile>
    <ClCompile Include="data_acquisition\DlgADIntervals.cpp">
      <Filter>data_acquisition</Filter>
    </ClCompile>
    <ClCompile Include="data_acquisition\DlgDAChannels.cpp">
      <Filter>data_acquisition</Filter>
    </ClCompile>
    <ClCompile Include="data_acquisition\DlgDAOutputsParms.cpp">
      <Filter>data_acquisition</Filter>
    </ClCompile>
    <ClCompile Include="data_acquisition\DlgDataTranslationBoard.cpp">
      <Filter>data_acquisition</Filter>
    </ClCompile>
    <ClCompile Include="data_acquisition\DlgEditDAMseq.cpp">
      <Filter>data_acquisition</Filter>
    </ClCompile>
    <ClCompile Include="GridCtrl\GridComboEdit.cpp">
      <Filter>Grid</Filter>
    </ClCompile>
    <ClCompile Include="GridCtrl\InPlaceEdit.cpp">
      <Filter>Grid</Filter>
    </ClCompile>
    <ClCompile Include="data_acquisition\USBPxxS1.cpp">
      <Filter>data_acquisition</Filter>
    </ClCompile>
    <ClCompile Include="Controls\QuadStateTree.cpp">
      <Filter>customctrl</Filter>
    </ClCompile>
    <ClCompile Include="Controls\ScrollBarEx.cpp">
      <Filter>customctrl</Filter>
    </ClCompile>
    <ClCompile Include="data_acquisition\USBPxxPARAMETERS.cpp">
      <Filter>data_acquisition</Filter>
    </ClCompile>
    <ClCompile Include="Controls\Ruler.cpp">
      <Filter>customctrl</Filter>
    </ClCompile>
    <ClCompile Include="Controls\RulerBar.cpp">
      <Filter>customctrl</Filter>
    </ClCompile>
    <ClCompile Include="ChartDataAD.cpp">
      <Filter>data_acquisition</Filter>
    </ClCompile>
    <ClCompile Include="dbView_optimized\DataListCtrl_Configuration.cpp">
      <Filter>dbView_optimized</Filter>
    </ClCompile>
    <ClCompile Include="dbView_optimized\DataListCtrl_Optimized.cpp">
      <Filter>dbView_optimized</Filter>
    </ClCompile>
    <ClCompile Include="dbView_optimized\DataListCtrl_Row_Optimized.cpp">
      <Filter>dbView_optimized</Filter>
    </ClCompile>
    <ClCompile Include="dbView_optimized\DataListCtrl_SupportingClasses.cpp">
      <Filter>dbView_optimized</Filter>
    </ClCompile>
    <ClCompile Include="dbView_optimized\ViewdbWave_Optimized.cpp">
      <Filter>dbView_optimized</Filter>
    </ClCompile>
    <ClCompile Include="dbView_optimized\ViewdbWave_SupportingClasses.cpp">
      <Filter>dbView_optimized</Filter>
    </ClCompile>
    <ClCompile Include="DatabaseUtils.cpp">
      <Filter>Source Files</Filter>
    </ClCompile>
    <ClCompile Include="dbView\DataListCtrl_Row.cpp">
      <Filter>dbView</Filter>
    </ClCompile>
    <ClCompile Include="dbView\DataListCtrl.cpp">
      <Filter>dbView</Filter>
    </ClCompile>
    <ClCompile Include="dbView\ViewdbWave.cpp">
      <Filter>dbView</Filter>
    </ClCompile>
    <ClCompile Include="RegistryManager.cpp">
      <Filter>Source Files</Filter>
    </ClCompile>
  </ItemGroup>
  <ItemGroup>
    <ClInclude Include="AcqDataDoc.h">
      <Filter>Header Files</Filter>
    </ClInclude>
    <ClInclude Include="AcqWaveChan.h">
      <Filter>Header Files</Filter>
    </ClInclude>
    <ClInclude Include="AcqWaveChanArray.h">
      <Filter>Header Files</Filter>
    </ClInclude>
    <ClInclude Include="AcqWaveFormat.h">
      <Filter>Header Files</Filter>
    </ClInclude>
    <ClInclude Include="ADAcqDataDoc.h">
      <Filter>Header Files</Filter>
    </ClInclude>
    <ClInclude Include="CApplication.h">
      <Filter>Header Files</Filter>
    </ClInclude>
    <ClInclude Include="chanlistitem.h">
      <Filter>Header Files</Filter>
    </ClInclude>
    <ClInclude Include="ChartData.h">
      <Filter>Header Files</Filter>
    </ClInclude>
    <ClInclude Include="ChartSpike.h">
      <Filter>Header Files</Filter>
    </ClInclude>
    <ClInclude Include="ChartSpikeBar.h">
      <Filter>Header Files</Filter>
    </ClInclude>
    <ClInclude Include="ChartSpikeHist.h">
      <Filter>Header Files</Filter>
    </ClInclude>
    <ClInclude Include="ChartSpikeHistVert.h">
      <Filter>Header Files</Filter>
    </ClInclude>
    <ClInclude Include="ChartSpikeShape.h">
      <Filter>Header Files</Filter>
    </ClInclude>
    <ClInclude Include="ChartSpikeXY.h">
      <Filter>Header Files</Filter>
    </ClInclude>
    <ClInclude Include="ChartWnd.h">
      <Filter>Header Files</Filter>
    </ClInclude>
    <ClInclude Include="ChildFrm.h">
      <Filter>Header Files</Filter>
    </ClInclude>
    <ClInclude Include="ColorNames.h">
      <Filter>Header Files</Filter>
    </ClInclude>
    <ClInclude Include="CRange.h">
      <Filter>Header Files</Filter>
    </ClInclude>
    <ClInclude Include="CRanges.h">
      <Filter>Header Files</Filter>
    </ClInclude>
    <ClInclude Include="CSpkListCtrlTab.h">
      <Filter>Header Files</Filter>
    </ClInclude>
    <ClInclude Include="db_spike.h">
      <Filter>Header Files</Filter>
    </ClInclude>
    <ClInclude Include="dbMultiDocTemplate.h">
      <Filter>Header Files</Filter>
    </ClInclude>
    <ClInclude Include="dbTable.h">
      <Filter>Header Files</Filter>
    </ClInclude>
    <ClInclude Include="dbTableAssociated.h">
      <Filter>Header Files</Filter>
    </ClInclude>
    <ClInclude Include="dbTableColumnDescriptor.h">
      <Filter>Header Files</Filter>
    </ClInclude>
    <ClInclude Include="dbTableMain.h">
      <Filter>Header Files</Filter>
    </ClInclude>
    <ClInclude Include="dbWave.h">
      <Filter>Header Files</Filter>
    </ClInclude>
    <ClInclude Include="dbWave_constants.h">
      <Filter>Header Files</Filter>
    </ClInclude>
    <ClInclude Include="dbWave_structures.h">
      <Filter>Header Files</Filter>
    </ClInclude>
    <ClInclude Include="dbWaveDoc.h">
      <Filter>Header Files</Filter>
    </ClInclude>
    <ClInclude Include="DlgAbout.h">
      <Filter>Header Files</Filter>
    </ClInclude>
    <ClInclude Include="DlgBrowseFile.h">
      <Filter>Header Files</Filter>
    </ClInclude>
    <ClInclude Include="DlgChartProps.h">
      <Filter>Header Files</Filter>
    </ClInclude>
    <ClInclude Include="DlgConfirmSave.h">
      <Filter>Header Files</Filter>
    </ClInclude>
    <ClInclude Include="DlgCopyAs.h">
      <Filter>Header Files</Filter>
    </ClInclude>
    <ClInclude Include="DlgDataComments.h">
      <Filter>Header Files</Filter>
    </ClInclude>
    <ClInclude Include="DlgDataSeries.h">
      <Filter>Header Files</Filter>
    </ClInclude>
    <ClInclude Include="DlgDataSeriesFormat.h">
      <Filter>Header Files</Filter>
    </ClInclude>
    <ClInclude Include="DlgDataViewAbscissa.h">
      <Filter>Header Files</Filter>
    </ClInclude>
    <ClInclude Include="DlgDataViewOrdinates.h">
      <Filter>Header Files</Filter>
    </ClInclude>
    <ClInclude Include="DlgdbEditField.h">
      <Filter>Header Files</Filter>
    </ClInclude>
    <ClInclude Include="DlgdbEditRecord.h">
      <Filter>Header Files</Filter>
    </ClInclude>
    <ClInclude Include="DlgdbNewFileDuplicate.h">
      <Filter>Header Files</Filter>
    </ClInclude>
    <ClInclude Include="DlgDeleteRecordOptions.h">
      <Filter>Header Files</Filter>
    </ClInclude>
    <ClInclude Include="DlgEditList.h">
      <Filter>Header Files</Filter>
    </ClInclude>
    <ClInclude Include="DlgEditSpikeClass.h">
      <Filter>Header Files</Filter>
    </ClInclude>
    <ClInclude Include="DlgEditStimArray.h">
      <Filter>Header Files</Filter>
    </ClInclude>
    <ClInclude Include="DlgExportData.h">
      <Filter>Header Files</Filter>
    </ClInclude>
    <ClInclude Include="DlgExportSpikeInfos.h">
      <Filter>Header Files</Filter>
    </ClInclude>
    <ClInclude Include="DlgFileNew1.h">
      <Filter>Header Files</Filter>
    </ClInclude>
    <ClInclude Include="DlgFindFiles.h">
      <Filter>Header Files</Filter>
    </ClInclude>
    <ClInclude Include="DlgFormatHistogram.h">
      <Filter>Header Files</Filter>
    </ClInclude>
    <ClInclude Include="DlgGotoRecord.h">
      <Filter>Header Files</Filter>
    </ClInclude>
    <ClInclude Include="DlgImportFiles.h">
      <Filter>Header Files</Filter>
    </ClInclude>
    <ClInclude Include="DlgImportGenericData.h">
      <Filter>Header Files</Filter>
    </ClInclude>
    <ClInclude Include="DlgImportOptions.h">
      <Filter>Header Files</Filter>
    </ClInclude>
    <ClInclude Include="DlgListBClaSize.h">
      <Filter>Header Files</Filter>
    </ClInclude>
    <ClInclude Include="DlgLoadSaveOptions.h">
      <Filter>Header Files</Filter>
    </ClInclude>
    <ClInclude Include="DlgOverwriteFileOptions.h">
      <Filter>Header Files</Filter>
    </ClInclude>
    <ClInclude Include="DlgPrintDataComments.h">
      <Filter>Header Files</Filter>
    </ClInclude>
    <ClInclude Include="DlgPrintDataOptions.h">
      <Filter>Header Files</Filter>
    </ClInclude>
    <ClInclude Include="DlgPrintDrawArea.h">
      <Filter>Header Files</Filter>
    </ClInclude>
    <ClInclude Include="DlgPrintMargins.h">
      <Filter>Header Files</Filter>
    </ClInclude>
    <ClInclude Include="DlgPrintPageMargins.h">
      <Filter>Header Files</Filter>
    </ClInclude>
    <ClInclude Include="DlgProgress.h">
      <Filter>Header Files</Filter>
    </ClInclude>
    <ClInclude Include="DlgRejectRecord.h">
      <Filter>Header Files</Filter>
    </ClInclude>
    <ClInclude Include="DlgSpikeDetect.h">
      <Filter>Header Files</Filter>
    </ClInclude>
    <ClInclude Include="DlgSpikeEdit.h">
      <Filter>Header Files</Filter>
    </ClInclude>
    <ClInclude Include="DlgTransferFiles.h">
      <Filter>Header Files</Filter>
    </ClInclude>
    <ClInclude Include="DlgXYParameters.h">
      <Filter>Header Files</Filter>
    </ClInclude>
    <ClInclude Include="Editctrl.h">
      <Filter>Header Files</Filter>
    </ClInclude>
    <ClInclude Include="Envelope.h">
      <Filter>Header Files</Filter>
    </ClInclude>
    <ClInclude Include="FilenameCleanupUtils.h">
      <Filter>Header Files</Filter>
    </ClInclude>
    <ClInclude Include="Fileversion.h">
      <Filter>Header Files</Filter>
    </ClInclude>
    <ClInclude Include="IntervalPoints.h">
      <Filter>Header Files</Filter>
    </ClInclude>
    <ClInclude Include="Intervals.h">
      <Filter>Header Files</Filter>
    </ClInclude>
    <ClInclude Include="IntervalsListCtrl.h">
      <Filter>Header Files</Filter>
    </ClInclude>
    <ClInclude Include="MainFrm.h">
      <Filter>Header Files</Filter>
    </ClInclude>
    <ClInclude Include="MeasureHZtagsPage.h">
      <Filter>Header Files</Filter>
    </ClInclude>
    <ClInclude Include="MeasureOptionsPage.h">
      <Filter>Header Files</Filter>
    </ClInclude>
    <ClInclude Include="MeasureProperties.h">
      <Filter>Header Files</Filter>
    </ClInclude>
    <ClInclude Include="MeasureResultsPage.h">
      <Filter>Header Files</Filter>
    </ClInclude>
    <ClInclude Include="MeasureVTtagsPage.h">
      <Filter>Header Files</Filter>
    </ClInclude>
    <ClInclude Include="NiceUnit.h">
      <Filter>Header Files</Filter>
    </ClInclude>
    <ClInclude Include="NoteDoc.h">
      <Filter>Header Files</Filter>
    </ClInclude>
    <ClInclude Include="NotedocCntrItem.h">
      <Filter>Header Files</Filter>
    </ClInclude>
    <ClInclude Include="options_detect_spikes.h">
      <Filter>Header Files</Filter>
    </ClInclude>
    <ClInclude Include="options_detect_stimulus.h">
      <Filter>Header Files</Filter>
    </ClInclude>
    <ClInclude Include="OPTIONS_IMPORT.h">
      <Filter>Header Files</Filter>
    </ClInclude>
    <ClInclude Include="options_input.h">
      <Filter>Header Files</Filter>
    </ClInclude>
    <ClInclude Include="OPTIONS_MEASURE.h">
      <Filter>Header Files</Filter>
    </ClInclude>
    <ClInclude Include="options_output.h">
      <Filter>Header Files</Filter>
    </ClInclude>
    <ClInclude Include="options_scope_channel.h">
      <Filter>Header Files</Filter>
    </ClInclude>
    <ClInclude Include="options_scope_struct.h">
      <Filter>Header Files</Filter>
    </ClInclude>
    <ClInclude Include="options_spk_classification.h">
      <Filter>Header Files</Filter>
    </ClInclude>
    <ClInclude Include="OPTIONS_VIEW_DATA.h">
      <Filter>Header Files</Filter>
    </ClInclude>
    <ClInclude Include="options_view_spikes.h">
      <Filter>Header Files</Filter>
    </ClInclude>
    <ClInclude Include="OutlookBar.h">
      <Filter>Header Files</Filter>
    </ClInclude>
    <ClInclude Include="output_parameters.h">
      <Filter>Header Files</Filter>
    </ClInclude>
    <ClInclude Include="PaneldbFilter.h">
      <Filter>Header Files</Filter>
    </ClInclude>
    <ClInclude Include="PaneldbFilterToolBar.h">
      <Filter>Header Files</Filter>
    </ClInclude>
    <ClInclude Include="PaneldbProperties.h">
      <Filter>Header Files</Filter>
    </ClInclude>
    <ClInclude Include="PaneldbPropertiesToolBar.h">
      <Filter>Header Files</Filter>
    </ClInclude>
    <ClInclude Include="resource.h">
      <Filter>Header Files</Filter>
    </ClInclude>
    <ClInclude Include="Spike.h">
      <Filter>Header Files</Filter>
    </ClInclude>
    <ClInclude Include="spike_detection_array.h">
      <Filter>Header Files</Filter>
    </ClInclude>
    <ClInclude Include="SpikeClassGrid.h">
      <Filter>Header Files</Filter>
    </ClInclude>
    <ClInclude Include="SpikeClassGridList.h">
      <Filter>Header Files</Filter>
    </ClInclude>
    <ClInclude Include="SpikeClassGridProperty.h">
      <Filter>Header Files</Filter>
    </ClInclude>
    <ClInclude Include="SpikeClassGridToolBar.h">
      <Filter>Header Files</Filter>
    </ClInclude>
    <ClInclude Include="SpikeClassListBox.h">
      <Filter>Header Files</Filter>
    </ClInclude>
    <ClInclude Include="SpikeClassListBoxContext.h">
      <Filter>Header Files</Filter>
    </ClInclude>
    <ClInclude Include="SpikeClassProperties.h">
      <Filter>Header Files</Filter>
    </ClInclude>
    <ClInclude Include="SpikeClassRowItem.h">
      <Filter>Header Files</Filter>
    </ClInclude>
    <ClInclude Include="SpikeDetectArray.h">
      <Filter>Header Files</Filter>
    </ClInclude>
    <ClInclude Include="Spikedoc.h">
      <Filter>Header Files</Filter>
    </ClInclude>
    <ClInclude Include="SpikeFromChan.h">
      <Filter>Header Files</Filter>
    </ClInclude>
    <ClInclude Include="Spikelist.h">
      <Filter>Header Files</Filter>
    </ClInclude>
    <ClInclude Include="SpikeListTabCtrl.h">
      <Filter>Header Files</Filter>
    </ClInclude>
    <ClInclude Include="Splash.h">
      <Filter>Header Files</Filter>
    </ClInclude>
    <ClInclude Include="StdAfx.h">
      <Filter>Header Files</Filter>
    </ClInclude>
    <ClInclude Include="StretchControls.h">
      <Filter>Header Files</Filter>
    </ClInclude>
    <ClInclude Include="subfileitem.h">
      <Filter>Header Files</Filter>
    </ClInclude>
    <ClInclude Include="Tag.h">
      <Filter>Header Files</Filter>
    </ClInclude>
    <ClInclude Include="Taglist.h">
      <Filter>Header Files</Filter>
    </ClInclude>
    <ClInclude Include="targetver.h">
      <Filter>Header Files</Filter>
    </ClInclude>
    <ClInclude Include="TemplateListWnd.h">
      <Filter>Header Files</Filter>
    </ClInclude>
    <ClInclude Include="TemplateWnd.h">
      <Filter>Header Files</Filter>
    </ClInclude>
    <ClInclude Include="ViewData.h">
      <Filter>Header Files</Filter>
    </ClInclude>
    <ClInclude Include="ViewDbTable.h">
      <Filter>Header Files</Filter>
    </ClInclude>
    <ClInclude Include="ViewdbWave.h">
      <Filter>Header Files</Filter>
    </ClInclude>
    <ClInclude Include="ViewNotedoc.h">
      <Filter>Header Files</Filter>
    </ClInclude>
    <ClInclude Include="ViewSpikeDetect.h">
      <Filter>Header Files</Filter>
    </ClInclude>
    <ClInclude Include="ViewSpikeHist.h">
      <Filter>Header Files</Filter>
    </ClInclude>
    <ClInclude Include="ViewSpikes.h">
      <Filter>Header Files</Filter>
    </ClInclude>
    <ClInclude Include="ViewSpikeSort.h">
      <Filter>Header Files</Filter>
    </ClInclude>
    <ClInclude Include="ViewSpikeTemplate.h">
      <Filter>Header Files</Filter>
    </ClInclude>
    <ClInclude Include="WaveBuf.h">
      <Filter>Header Files</Filter>
    </ClInclude>
    <ClInclude Include="GridCtrl\MemDC.h">
      <Filter>customctrl</Filter>
    </ClInclude>
    <ClInclude Include="Controls\cdxCRot90DC.h">
      <Filter>customctrl</Filter>
    </ClInclude>
    <ClInclude Include="Controls\cdxCRotBevelLine.h">
      <Filter>customctrl</Filter>
    </ClInclude>
    <ClInclude Include="GridCtrl\GridURLCell.h">
      <Filter>Grid</Filter>
    </ClInclude>
    <ClInclude Include="GridCtrl\GridCell.h">
      <Filter>Grid</Filter>
    </ClInclude>
    <ClInclude Include="GridCtrl\GridCellBase.h">
      <Filter>Grid</Filter>
    </ClInclude>
    <ClInclude Include="GridCtrl\GridCellCheck.h">
      <Filter>Grid</Filter>
    </ClInclude>
    <ClInclude Include="GridCtrl\GridCellCombo.h">
      <Filter>Grid</Filter>
    </ClInclude>
    <ClInclude Include="GridCtrl\GridCellCombo_FMP.h">
      <Filter>Grid</Filter>
    </ClInclude>
    <ClInclude Include="GridCtrl\GridCellDateTime.h">
      <Filter>Grid</Filter>
    </ClInclude>
    <ClInclude Include="GridCtrl\GridCellNumeric.h">
      <Filter>Grid</Filter>
    </ClInclude>
    <ClInclude Include="GridCtrl\GridCellRange.h">
      <Filter>Grid</Filter>
    </ClInclude>
    <ClInclude Include="GridCtrl\GridCtrl.h">
      <Filter>Grid</Filter>
    </ClInclude>
    <ClInclude Include="GridCtrl\GridDefaultCell.h">
      <Filter>Grid</Filter>
    </ClInclude>
    <ClInclude Include="GridCtrl\GridDefines.h">
      <Filter>Grid</Filter>
    </ClInclude>
    <ClInclude Include="GridCtrl\GridDropTarget.h">
      <Filter>Grid</Filter>
    </ClInclude>
    <ClInclude Include="GridCtrl\GridInPlaceEdit.h">
      <Filter>Grid</Filter>
    </ClInclude>
    <ClInclude Include="GridCtrl\GridInPlaceList.h">
      <Filter>Grid</Filter>
    </ClInclude>
    <ClInclude Include="GridCtrl\GridTitleTip.h">
      <Filter>Grid</Filter>
    </ClInclude>
    <ClInclude Include="CPivotCache.h">
      <Filter>excel</Filter>
    </ClInclude>
    <ClInclude Include="CPivotCaches.h">
      <Filter>excel</Filter>
    </ClInclude>
    <ClInclude Include="CPivotCell.h">
      <Filter>excel</Filter>
    </ClInclude>
    <ClInclude Include="CPivotField.h">
      <Filter>excel</Filter>
    </ClInclude>
    <ClInclude Include="CPivotFields.h">
      <Filter>excel</Filter>
    </ClInclude>
    <ClInclude Include="CPivotFilter.h">
      <Filter>excel</Filter>
    </ClInclude>
    <ClInclude Include="CPivotFilters.h">
      <Filter>excel</Filter>
    </ClInclude>
    <ClInclude Include="CPivotFormula.h">
      <Filter>excel</Filter>
    </ClInclude>
    <ClInclude Include="CPivotFormulas.h">
      <Filter>excel</Filter>
    </ClInclude>
    <ClInclude Include="CPivotItem.h">
      <Filter>excel</Filter>
    </ClInclude>
    <ClInclude Include="CPivotItemList.h">
      <Filter>excel</Filter>
    </ClInclude>
    <ClInclude Include="CPivotItems.h">
      <Filter>excel</Filter>
    </ClInclude>
    <ClInclude Include="CPivotLayout.h">
      <Filter>excel</Filter>
    </ClInclude>
    <ClInclude Include="CPivotTable.h">
      <Filter>excel</Filter>
    </ClInclude>
    <ClInclude Include="CPivotTableChangeList.h">
      <Filter>excel</Filter>
    </ClInclude>
    <ClInclude Include="CPivotTables.h">
      <Filter>excel</Filter>
    </ClInclude>
    <ClInclude Include="CWorkbook.h">
      <Filter>excel</Filter>
    </ClInclude>
    <ClInclude Include="CWorkbooks.h">
      <Filter>excel</Filter>
    </ClInclude>
    <ClInclude Include="CWorksheet.h">
      <Filter>excel</Filter>
    </ClInclude>
    <ClInclude Include="CWorksheetFunction.h">
      <Filter>excel</Filter>
    </ClInclude>
    <ClInclude Include="CWorksheets.h">
      <Filter>excel</Filter>
    </ClInclude>
    <ClInclude Include="data_acquisition\DlgDataTranslationBoard.h">
      <Filter>Header Files</Filter>
    </ClInclude>
    <ClInclude Include="Controls\Scale.h">
      <Filter>Header Files</Filter>
    </ClInclude>
    <ClInclude Include="Excel\excel9.h">
      <Filter>excel</Filter>
    </ClInclude>
    <ClInclude Include="data_acquisition\DataTranslation_AD.h">
      <Filter>data_acquisition</Filter>
    </ClInclude>
    <ClInclude Include="data_acquisition\DataTranslation_DA.h">
      <Filter>data_acquisition</Filter>
    </ClInclude>
    <ClInclude Include="CDTBoardParameters.h">
      <Filter>data_acquisition</Filter>
    </ClInclude>
    <ClInclude Include="ChartDataAD.h">
      <Filter>data_acquisition</Filter>
    </ClInclude>
    <ClInclude Include="data_acquisition\CyberAmp.h">
      <Filter>data_acquisition</Filter>
    </ClInclude>
    <ClInclude Include="datafile_ASD.h">
      <Filter>data_files</Filter>
    </ClInclude>
    <ClInclude Include="datafile_Atlab.h">
      <Filter>data_files</Filter>
    </ClInclude>
    <ClInclude Include="datafile_Awave.h">
      <Filter>data_files</Filter>
    </ClInclude>
    <ClInclude Include="datafile_CEDSpike2.h">
      <Filter>data_files</Filter>
    </ClInclude>
    <ClInclude Include="datafile_mcid.h">
      <Filter>data_files</Filter>
    </ClInclude>
    <ClInclude Include="datafile_X.h">
      <Filter>data_files</Filter>
    </ClInclude>
    <ClInclude Include="dataheader_Asyst.H">
      <Filter>data_files</Filter>
    </ClInclude>
    <ClInclude Include="dataheader_Atlab.H">
      <Filter>data_files</Filter>
    </ClInclude>
    <ClInclude Include="data_acquisition\DlgADExperiment.h">
      <Filter>data_acquisition</Filter>
    </ClInclude>
    <ClInclude Include="data_acquisition\DlgADInputParms.h">
      <Filter>data_acquisition</Filter>
    </ClInclude>
    <ClInclude Include="data_acquisition\DlgADIntervals.h">
      <Filter>data_acquisition</Filter>
    </ClInclude>
    <ClInclude Include="data_acquisition\dtacq32.h">
      <Filter>data_acquisition</Filter>
    </ClInclude>
    <ClInclude Include="data_acquisition\dtplot32.h">
      <Filter>data_acquisition</Filter>
    </ClInclude>
    <ClInclude Include="GridCtrl\InPlaceEdit.h">
      <Filter>Grid</Filter>
    </ClInclude>
    <ClInclude Include="GridCtrl\GridComboEdit.h">
      <Filter>Grid</Filter>
    </ClInclude>
    <ClInclude Include="ImportAlligatorDefinitions.h">
      <Filter>data_acquisition</Filter>
    </ClInclude>
    <ClInclude Include="ImportExcelDefinitions.h">
      <Filter>excel</Filter>
    </ClInclude>
    <ClInclude Include="data_acquisition\DlgDAChannels.h">
      <Filter>data_acquisition</Filter>
    </ClInclude>
    <ClInclude Include="data_acquisition\DlgDAOutputsParms.h">
      <Filter>data_acquisition</Filter>
    </ClInclude>
    <ClInclude Include="data_acquisition\DlgEditDAMseq.h">
      <Filter>data_acquisition</Filter>
    </ClInclude>
    <ClInclude Include="Controls\QuadStateTree.h">
      <Filter>customctrl</Filter>
    </ClInclude>
    <ClInclude Include="Controls\Ruler.h">
      <Filter>customctrl</Filter>
    </ClInclude>
    <ClInclude Include="Controls\RulerBar.h">
      <Filter>customctrl</Filter>
    </ClInclude>
    <ClInclude Include="Controls\ScrollBarEx.h">
      <Filter>customctrl</Filter>
    </ClInclude>
    <ClInclude Include="data_acquisition\USBPxxS1.h">
      <Filter>data_acquisition</Filter>
    </ClInclude>
    <ClInclude Include="data_acquisition\USBPxxPARAMETERS.h">
      <Filter>data_acquisition</Filter>
    </ClInclude>
    <ClInclude Include="data_acquisition\ViewADcontinuous.h">
      <Filter>data_acquisition</Filter>
    </ClInclude>
    <ClInclude Include="dbView_optimized\DataListCtrl_Configuration.h">
      <Filter>dbView_optimized</Filter>
    </ClInclude>
    <ClInclude Include="dbView_optimized\DataListCtrl_Optimized.h">
      <Filter>dbView_optimized</Filter>
    </ClInclude>
    <ClInclude Include="dbView_optimized\DataListCtrl_Row_Optimized.h">
      <Filter>dbView_optimized</Filter>
    </ClInclude>
    <ClInclude Include="dbView_optimized\DataListCtrl_SupportingClasses.h">
      <Filter>dbView_optimized</Filter>
    </ClInclude>
    <ClInclude Include="dbView_optimized\ViewdbWave_Optimized.h">
      <Filter>dbView_optimized</Filter>
    </ClInclude>
    <ClInclude Include="dbView_optimized\ViewdbWave_SupportingClasses.h">
      <Filter>dbView_optimized</Filter>
    </ClInclude>
    <ClInclude Include="DatabaseUtils.h">
      <Filter>Header Files</Filter>
    </ClInclude>
    <ClInclude Include="dbView\DataListCtrl_Row.h">
      <Filter>dbView</Filter>
    </ClInclude>
    <ClInclude Include="dbView\DataListCtrl.h">
      <Filter>dbView</Filter>
    </ClInclude>
    <ClInclude Include="dbView\DataListCtrl_Infos.h">
      <Filter>dbView</Filter>
    </ClInclude>
    <ClInclude Include="dbView\ViewdbWave.h">
      <Filter>dbView</Filter>
    </ClInclude>
    <ClInclude Include="dbView_optimized\DataListCtrl_Optimized_Infos.h">
      <Filter>dbView_optimized</Filter>
    </ClInclude>
    <ClInclude Include="RegistryManager.h">
      <Filter>Header Files</Filter>
    </ClInclude>
  </ItemGroup>
  <ItemGroup>
    <ResourceCompile Include="dbWave.rc">
      <Filter>Source Files</Filter>
    </ResourceCompile>
  </ItemGroup>
  <ItemGroup>
    <None Include="dbWave64.ruleset" />
    <None Include="packages.config" />
    <None Include="resource.hm">
      <Filter>Header Files</Filter>
    </None>
    <None Include="runsdvui.cmd" />
    <None Include="res\CMEASURE.CUR">
      <Filter>Resource Files</Filter>
    </None>
    <None Include="res\cur00001.cur">
      <Filter>Resource Files</Filter>
    </None>
    <None Include="res\cursor1.cur">
      <Filter>Resource Files</Filter>
    </None>
    <None Include="res\CZOOM.CUR">
      <Filter>Resource Files</Filter>
    </None>
    <None Include="res\dbwave.cpt" />
    <None Include="res\splith.cur">
      <Filter>Resource Files</Filter>
    </None>
    <None Include="res\splitv.cur">
      <Filter>Resource Files</Filter>
    </None>
    <None Include="res\ribbon1.mfcribbon-ms" />
  </ItemGroup>
  <ItemGroup>
    <Text Include="ReadMe.txt" />
  </ItemGroup>
  <ItemGroup>
    <Image Include="res\BIAS.ICO">
      <Filter>Resource Files</Filter>
    </Image>
    <Image Include="res\bmp00001.bmp">
      <Filter>Resource Files</Filter>
    </Image>
    <Image Include="res\buttons.bmp">
      <Filter>Resource Files</Filter>
    </Image>
    <Image Include="res\check.bmp">
      <Filter>Resource Files</Filter>
    </Image>
    <Image Include="res\check1.bmp">
      <Filter>Resource Files</Filter>
    </Image>
    <Image Include="res\check32.bmp">
      <Filter>Resource Files</Filter>
    </Image>
    <Image Include="res\checkno.bmp">
      <Filter>Resource Files</Filter>
    </Image>
    <Image Include="res\checkno32.bmp">
      <Filter>Resource Files</Filter>
    </Image>
    <Image Include="res\class_view.ico">
      <Filter>Resource Files</Filter>
    </Image>
    <Image Include="res\class_view_hc.ico">
      <Filter>Resource Files</Filter>
    </Image>
    <Image Include="res\classview.bmp">
      <Filter>Resource Files</Filter>
    </Image>
    <Image Include="res\classview_hc.bmp">
      <Filter>Resource Files</Filter>
    </Image>
    <Image Include="res\Databaselarge.bmp">
      <Filter>Resource Files</Filter>
    </Image>
    <Image Include="res\Databasesmall.bmp">
      <Filter>Resource Files</Filter>
    </Image>
    <Image Include="res\Datalarge.bmp">
      <Filter>Resource Files</Filter>
    </Image>
    <Image Include="res\Datasmall.bmp">
      <Filter>Resource Files</Filter>
    </Image>
    <Image Include="res\tabcontrol.bmp">
      <Filter>Resource Files</Filter>
    </Image>
    <Image Include="res\tabcontrol_dim.bmp">
      <Filter>Resource Files</Filter>
    </Image>
    <Image Include="res\stimON.bmp">
      <Filter>Resource Files</Filter>
    </Image>
    <Image Include="res\stimOFF.bmp">
      <Filter>Resource Files</Filter>
    </Image>
    <Image Include="res\zoomin.bmp">
      <Filter>Resource Files</Filter>
    </Image>
    <Image Include="res\zoomout.bmp">
      <Filter>Resource Files</Filter>
    </Image>
    <Image Include="res\dbwave_07dec2012.bmp">
      <Filter>Resource Files</Filter>
    </Image>
    <Image Include="res\Toolbar_main.bmp">
      <Filter>Resource Files</Filter>
    </Image>
    <Image Include="res\toolbar_proj.bmp">
      <Filter>Resource Files</Filter>
    </Image>
    <Image Include="res\toolbar_dat.bmp">
      <Filter>Resource Files</Filter>
    </Image>
    <Image Include="res\toolbar_spk.bmp">
      <Filter>Resource Files</Filter>
    </Image>
    <Image Include="res\sort.bmp">
      <Filter>Resource Files</Filter>
    </Image>
    <Image Include="res\properties.bmp">
      <Filter>Resource Files</Filter>
    </Image>
    <Image Include="res\menuimages.bmp">
      <Filter>Resource Files</Filter>
    </Image>
    <Image Include="res\Toolbar256.bmp">
      <Filter>Resource Files</Filter>
    </Image>
    <Image Include="res\explorer.bmp">
      <Filter>Resource Files</Filter>
    </Image>
    <Image Include="res\menuimages_hc.bmp">
      <Filter>Resource Files</Filter>
    </Image>
    <Image Include="res\fileview.bmp">
      <Filter>Resource Files</Filter>
    </Image>
    <Image Include="res\fileview_hc.bmp">
      <Filter>Resource Files</Filter>
    </Image>
    <Image Include="res\explorer_hc.bmp">
      <Filter>Resource Files</Filter>
    </Image>
    <Image Include="res\properties_hc.bmp">
      <Filter>Resource Files</Filter>
    </Image>
    <Image Include="res\Displaylarge.bmp">
      <Filter>Resource Files</Filter>
    </Image>
    <Image Include="res\Displaysmall.bmp">
      <Filter>Resource Files</Filter>
    </Image>
    <Image Include="res\filelarge.bmp">
      <Filter>Resource Files</Filter>
    </Image>
    <Image Include="res\filesmall.bmp">
      <Filter>Resource Files</Filter>
    </Image>
    <Image Include="res\main.bmp">
      <Filter>Resource Files</Filter>
    </Image>
    <Image Include="res\NavigationLarge.bmp">
      <Filter>Resource Files</Filter>
    </Image>
    <Image Include="res\NavigationSmall.bmp">
      <Filter>Resource Files</Filter>
    </Image>
    <Image Include="res\optionslarge.bmp">
      <Filter>Resource Files</Filter>
    </Image>
    <Image Include="res\optionssmall.bmp">
      <Filter>Resource Files</Filter>
    </Image>
    <Image Include="res\Spikeslarge.bmp">
      <Filter>Resource Files</Filter>
    </Image>
    <Image Include="res\Spikessmall.bmp">
      <Filter>Resource Files</Filter>
    </Image>
    <Image Include="res\writelarge.bmp">
      <Filter>Resource Files</Filter>
    </Image>
    <Image Include="res\writesmall.bmp">
      <Filter>Resource Files</Filter>
    </Image>
    <Image Include="res\toolbar_spk256.bmp">
      <Filter>Resource Files</Filter>
    </Image>
    <Image Include="res\toolbar_dat256.bmp">
      <Filter>Resource Files</Filter>
    </Image>
    <Image Include="res\properti.bmp">
      <Filter>Resource Files</Filter>
    </Image>
    <Image Include="res\dbWave.ico">
      <Filter>Resource Files</Filter>
    </Image>
    <Image Include="res\start.ico">
      <Filter>Resource Files</Filter>
    </Image>
    <Image Include="res\stop.ico">
      <Filter>Resource Files</Filter>
    </Image>
    <Image Include="RES\IDR_SPIK.ICO">
      <Filter>Resource Files</Filter>
    </Image>
    <Image Include="RES\IDR_DATA.ICO">
      <Filter>Resource Files</Filter>
    </Image>
    <Image Include="res\dbWaveDoc.ico">
      <Filter>Resource Files</Filter>
    </Image>
    <Image Include="res\zoom.ico">
      <Filter>Resource Files</Filter>
    </Image>
    <Image Include="res\file_view.ico">
      <Filter>Resource Files</Filter>
    </Image>
    <Image Include="res\file_view_hc.ico">
      <Filter>Resource Files</Filter>
    </Image>
    <Image Include="res\properties_wnd.ico">
      <Filter>Resource Files</Filter>
    </Image>
    <Image Include="res\properties_wnd_hc.ico">
      <Filter>Resource Files</Filter>
    </Image>
    <Image Include="res\zoom1.ico">
      <Filter>Resource Files</Filter>
    </Image>
  </ItemGroup>
</Project>